
Microsoft Visual Studio Solution File, Format Version 12.00
# Visual Studio 15
Project("{FAE04EC0-301F-11D3-BF4B-00C04F79EFBC}") = "MVC-with-EF", "MVC-with-EF.csproj", "{EA5B7FA3-4681-44A2-9DCC-89619F5661D9}"
EndProject
Global
	GlobalSection(SolutionConfigurationPlatforms) = preSolution
		Debug|Any CPU = Debug|Any CPU
		Release|Any CPU = Release|Any CPU
	EndGlobalSection
	GlobalSection(ProjectConfigurationPlatforms) = postSolution
		{EA5B7FA3-4681-44A2-9DCC-89619F5661D9}.Debug|Any CPU.ActiveCfg = Debug|Any CPU
		{EA5B7FA3-4681-44A2-9DCC-89619F5661D9}.Debug|Any CPU.Build.0 = Debug|Any CPU
		{EA5B7FA3-4681-44A2-9DCC-89619F5661D9}.Release|Any CPU.ActiveCfg = Release|Any CPU
		{EA5B7FA3-4681-44A2-9DCC-89619F5661D9}.Release|Any CPU.Build.0 = Release|Any CPU
	EndGlobalSection
EndGlobal
